
Microsoft Visual Studio Solution File, Format Version 12.00
# Visual Studio 15
VisualStudioVersion = 15.0.28010.2048
MinimumVisualStudioVersion = 10.0.40219.1
Project("{8BC9CEB8-8B4A-11D0-8D11-00A0C91BC942}") = "TP5", "TP5\TP5.vcxproj", "{EC065B1A-1494-444A-A4E3-39305ED45CAD}"
EndProject
Global
	GlobalSection(SolutionConfigurationPlatforms) = preSolution
		Debug|x64 = Debug|x64
		Debug|x86 = Debug|x86
		Release|x64 = Release|x64
		Release|x86 = Release|x86
	EndGlobalSection
	GlobalSection(ProjectConfigurationPlatforms) = postSolution
		{EC065B1A-1494-444A-A4E3-39305ED45CAD}.Debug|x64.ActiveCfg = Debug|x64
		{EC065B1A-1494-444A-A4E3-39305ED45CAD}.Debug|x64.Build.0 = Debug|x64
		{EC065B1A-1494-444A-A4E3-39305ED45CAD}.Debug|x86.ActiveCfg = Debug|Win32
		{EC065B1A-1494-444A-A4E3-39305ED45CAD}.Debug|x86.Build.0 = Debug|Win32
		{EC065B1A-1494-444A-A4E3-39305ED45CAD}.Release|x64.ActiveCfg = Release|x64
		{EC065B1A-1494-444A-A4E3-39305ED45CAD}.Release|x64.Build.0 = Release|x64
		{EC065B1A-1494-444A-A4E3-39305ED45CAD}.Release|x86.ActiveCfg = Release|Win32
		{EC065B1A-1494-444A-A4E3-39305ED45CAD}.Release|x86.Build.0 = Release|Win32
	EndGlobalSection
	GlobalSection(SolutionProperties) = preSolution
		HideSolutionNode = FALSE
	EndGlobalSection
	GlobalSection(ExtensibilityGlobals) = postSolution
		SolutionGuid = {8F454DC1-A08A-4663-A098-D0BEF0C05174}
	EndGlobalSection
EndGlobal
