
Microsoft Visual Studio Solution File, Format Version 12.00
# Visual Studio 15
VisualStudioVersion = 15.0.27130.2027
MinimumVisualStudioVersion = 10.0.40219.1
Project("{8BC9CEB8-8B4A-11D0-8D11-00A0C91BC942}") = "TP3", "TP3.vcxproj", "{4C2F428F-D5CA-438A-BD0F-1A9C82B4304C}"
EndProject
Global
	GlobalSection(SolutionConfigurationPlatforms) = preSolution
		Debug|x64 = Debug|x64
		Debug|x86 = Debug|x86
		Release|x64 = Release|x64
		Release|x86 = Release|x86
	EndGlobalSection
	GlobalSection(ProjectConfigurationPlatforms) = postSolution
		{4C2F428F-D5CA-438A-BD0F-1A9C82B4304C}.Debug|x64.ActiveCfg = Debug|x64
		{4C2F428F-D5CA-438A-BD0F-1A9C82B4304C}.Debug|x64.Build.0 = Debug|x64
		{4C2F428F-D5CA-438A-BD0F-1A9C82B4304C}.Debug|x86.ActiveCfg = Debug|Win32
		{4C2F428F-D5CA-438A-BD0F-1A9C82B4304C}.Debug|x86.Build.0 = Debug|Win32
		{4C2F428F-D5CA-438A-BD0F-1A9C82B4304C}.Release|x64.ActiveCfg = Release|x64
		{4C2F428F-D5CA-438A-BD0F-1A9C82B4304C}.Release|x64.Build.0 = Release|x64
		{4C2F428F-D5CA-438A-BD0F-1A9C82B4304C}.Release|x86.ActiveCfg = Release|Win32
		{4C2F428F-D5CA-438A-BD0F-1A9C82B4304C}.Release|x86.Build.0 = Release|Win32
	EndGlobalSection
	GlobalSection(SolutionProperties) = preSolution
		HideSolutionNode = FALSE
	EndGlobalSection
	GlobalSection(ExtensibilityGlobals) = postSolution
		SolutionGuid = {DA97742B-CF38-4D74-B1E8-F47B972C78C1}
	EndGlobalSection
EndGlobal
